// !$*UTF8*$!
{
	archiveVersion = 1;
	classes = {
	};
	objectVersion = 46;
	objects = {

/* Begin PBXBuildFile section */
		607FACD61AFB9204008FA782 /* AppDelegate.swift in Sources */ = {isa = PBXBuildFile; fileRef = 607FACD51AFB9204008FA782 /* AppDelegate.swift */; };
		607FACD81AFB9204008FA782 /* ViewController.swift in Sources */ = {isa = PBXBuildFile; fileRef = 607FACD71AFB9204008FA782 /* ViewController.swift */; };
		607FACDB1AFB9204008FA782 /* Main.storyboard in Resources */ = {isa = PBXBuildFile; fileRef = 607FACD91AFB9204008FA782 /* Main.storyboard */; };
		607FACDD1AFB9204008FA782 /* Images.xcassets in Resources */ = {isa = PBXBuildFile; fileRef = 607FACDC1AFB9204008FA782 /* Images.xcassets */; };
		607FACE01AFB9204008FA782 /* LaunchScreen.xib in Resources */ = {isa = PBXBuildFile; fileRef = 607FACDE1AFB9204008FA782 /* LaunchScreen.xib */; };
		C763F4A52ACC7A9C003DE51B /* Button+CellWrappedView.swift in Sources */ = {isa = PBXBuildFile; fileRef = C763F49E2ACC7A9C003DE51B /* Button+CellWrappedView.swift */; };
		C763F4A62ACC7A9C003DE51B /* UILabel+CellWrappedView.swift in Sources */ = {isa = PBXBuildFile; fileRef = C763F49F2ACC7A9C003DE51B /* UILabel+CellWrappedView.swift */; };
		C763F4A72ACC7A9C003DE51B /* UITextField+CellWrappedView.swift in Sources */ = {isa = PBXBuildFile; fileRef = C763F4A02ACC7A9C003DE51B /* UITextField+CellWrappedView.swift */; };
		C763F4A92ACC7A9C003DE51B /* UIDatePicker+CellWrappedView.swift in Sources */ = {isa = PBXBuildFile; fileRef = C763F4A22ACC7A9C003DE51B /* UIDatePicker+CellWrappedView.swift */; };
		C763F4AA2ACC7A9C003DE51B /* UIImageView+CellWrappedView.swift in Sources */ = {isa = PBXBuildFile; fileRef = C763F4A32ACC7A9C003DE51B /* UIImageView+CellWrappedView.swift */; };
		C763F4AB2ACC7A9C003DE51B /* UISegmentedControl+CellWrappedView.swift in Sources */ = {isa = PBXBuildFile; fileRef = C763F4A42ACC7A9C003DE51B /* UISegmentedControl+CellWrappedView.swift */; };
		C763F4B22ACC7F08003DE51B /* TextContent.swift in Sources */ = {isa = PBXBuildFile; fileRef = C763F4B12ACC7F08003DE51B /* TextContent.swift */; };
		C763F4BC2ACC86EE003DE51B /* CGRect+Extensions.swift in Sources */ = {isa = PBXBuildFile; fileRef = C763F4BB2ACC86EE003DE51B /* CGRect+Extensions.swift */; };
		C763F4BE2ACC87A7003DE51B /* NSAttributedString+TextContent.swift in Sources */ = {isa = PBXBuildFile; fileRef = C763F4BD2ACC87A7003DE51B /* NSAttributedString+TextContent.swift */; };
		C763F4C12ACC8851003DE51B /* UILabel+TextContent.swift in Sources */ = {isa = PBXBuildFile; fileRef = C763F4C02ACC8851003DE51B /* UILabel+TextContent.swift */; };
		C763F4C32ACC8901003DE51B /* UIView+RoundCorners.swift in Sources */ = {isa = PBXBuildFile; fileRef = C763F4C22ACC8901003DE51B /* UIView+RoundCorners.swift */; };
		C763F4C62ACC8DA9003DE51B /* Button.swift in Sources */ = {isa = PBXBuildFile; fileRef = C763F4C52ACC8DA9003DE51B /* Button.swift */; };
		DDD935D8F4E74482F0E98EA6 /* Pods_WrapperCell_Example.framework in Frameworks */ = {isa = PBXBuildFile; fileRef = AA9E40B56599A00766893715 /* Pods_WrapperCell_Example.framework */; };
/* End PBXBuildFile section */

/* Begin PBXContainerItemProxy section */
		C763F4CF2ACC93EB003DE51B /* PBXContainerItemProxy */ = {
			isa = PBXContainerItemProxy;
			containerPortal = 607FACC81AFB9204008FA782 /* Project object */;
			proxyType = 1;
			remoteGlobalIDString = 607FACCF1AFB9204008FA782;
			remoteInfo = WrapperCell_Example;
		};
/* End PBXContainerItemProxy section */

/* Begin PBXFileReference section */
		07266A9430B925974B97739D /* Pods_WrapperCell_Tests.framework */ = {isa = PBXFileReference; explicitFileType = wrapper.framework; includeInIndex = 0; path = Pods_WrapperCell_Tests.framework; sourceTree = BUILT_PRODUCTS_DIR; };
		260598808D82D9EECEA39E25 /* Pods-WrapperCell_UITests.debug.xcconfig */ = {isa = PBXFileReference; includeInIndex = 1; lastKnownFileType = text.xcconfig; name = "Pods-WrapperCell_UITests.debug.xcconfig"; path = "Target Support Files/Pods-WrapperCell_UITests/Pods-WrapperCell_UITests.debug.xcconfig"; sourceTree = "<group>"; };
		53B1B7F0AD2BB1E97586EEC8 /* Pods-WrapperCell_Example.debug.xcconfig */ = {isa = PBXFileReference; includeInIndex = 1; lastKnownFileType = text.xcconfig; name = "Pods-WrapperCell_Example.debug.xcconfig"; path = "Target Support Files/Pods-WrapperCell_Example/Pods-WrapperCell_Example.debug.xcconfig"; sourceTree = "<group>"; };
		607FACD01AFB9204008FA782 /* WrapperCell_Example.app */ = {isa = PBXFileReference; explicitFileType = wrapper.application; includeInIndex = 0; path = WrapperCell_Example.app; sourceTree = BUILT_PRODUCTS_DIR; };
		607FACD41AFB9204008FA782 /* Info.plist */ = {isa = PBXFileReference; lastKnownFileType = text.plist.xml; path = Info.plist; sourceTree = "<group>"; };
		607FACD51AFB9204008FA782 /* AppDelegate.swift */ = {isa = PBXFileReference; lastKnownFileType = sourcecode.swift; path = AppDelegate.swift; sourceTree = "<group>"; };
		607FACD71AFB9204008FA782 /* ViewController.swift */ = {isa = PBXFileReference; lastKnownFileType = sourcecode.swift; path = ViewController.swift; sourceTree = "<group>"; };
		607FACDA1AFB9204008FA782 /* Base */ = {isa = PBXFileReference; lastKnownFileType = file.storyboard; name = Base; path = Base.lproj/Main.storyboard; sourceTree = "<group>"; };
		607FACDC1AFB9204008FA782 /* Images.xcassets */ = {isa = PBXFileReference; lastKnownFileType = folder.assetcatalog; path = Images.xcassets; sourceTree = "<group>"; };
		607FACDF1AFB9204008FA782 /* Base */ = {isa = PBXFileReference; lastKnownFileType = file.xib; name = Base; path = Base.lproj/LaunchScreen.xib; sourceTree = "<group>"; };
		60A625CCC89B9975FC1F4684 /* Pods-WrapperCell_UITests.release.xcconfig */ = {isa = PBXFileReference; includeInIndex = 1; lastKnownFileType = text.xcconfig; name = "Pods-WrapperCell_UITests.release.xcconfig"; path = "Target Support Files/Pods-WrapperCell_UITests/Pods-WrapperCell_UITests.release.xcconfig"; sourceTree = "<group>"; };
		6D4536ED434AFA01300DEE1B /* Pods-WrapperCell_Example.release.xcconfig */ = {isa = PBXFileReference; includeInIndex = 1; lastKnownFileType = text.xcconfig; name = "Pods-WrapperCell_Example.release.xcconfig"; path = "Target Support Files/Pods-WrapperCell_Example/Pods-WrapperCell_Example.release.xcconfig"; sourceTree = "<group>"; };
		7CAD19EF4F9B378DBE645B46 /* README.md */ = {isa = PBXFileReference; includeInIndex = 1; lastKnownFileType = net.daringfireball.markdown; name = README.md; path = ../README.md; sourceTree = "<group>"; };
		7D495F1BE4373973B5E329F6 /* Pods-WrapperCell_Tests.release.xcconfig */ = {isa = PBXFileReference; includeInIndex = 1; lastKnownFileType = text.xcconfig; name = "Pods-WrapperCell_Tests.release.xcconfig"; path = "Target Support Files/Pods-WrapperCell_Tests/Pods-WrapperCell_Tests.release.xcconfig"; sourceTree = "<group>"; };
		93A1C0D92C28741E4B2ACAED /* Pods-WrapperCell_Tests.debug.xcconfig */ = {isa = PBXFileReference; includeInIndex = 1; lastKnownFileType = text.xcconfig; name = "Pods-WrapperCell_Tests.debug.xcconfig"; path = "Target Support Files/Pods-WrapperCell_Tests/Pods-WrapperCell_Tests.debug.xcconfig"; sourceTree = "<group>"; };
		AA9E40B56599A00766893715 /* Pods_WrapperCell_Example.framework */ = {isa = PBXFileReference; explicitFileType = wrapper.framework; includeInIndex = 0; path = Pods_WrapperCell_Example.framework; sourceTree = BUILT_PRODUCTS_DIR; };
		B2FE4E167CB38F49A98B309B /* WrapperCell.podspec */ = {isa = PBXFileReference; includeInIndex = 1; lastKnownFileType = text; name = WrapperCell.podspec; path = ../WrapperCell.podspec; sourceTree = "<group>"; xcLanguageSpecificationIdentifier = xcode.lang.ruby; };
		BC033C02C50CBC5EE1D5838D /* LICENSE */ = {isa = PBXFileReference; includeInIndex = 1; lastKnownFileType = text; name = LICENSE; path = ../LICENSE; sourceTree = "<group>"; };
		C763F49E2ACC7A9C003DE51B /* Button+CellWrappedView.swift */ = {isa = PBXFileReference; fileEncoding = 4; lastKnownFileType = sourcecode.swift; path = "Button+CellWrappedView.swift"; sourceTree = "<group>"; };
		C763F49F2ACC7A9C003DE51B /* UILabel+CellWrappedView.swift */ = {isa = PBXFileReference; fileEncoding = 4; lastKnownFileType = sourcecode.swift; path = "UILabel+CellWrappedView.swift"; sourceTree = "<group>"; };
		C763F4A02ACC7A9C003DE51B /* UITextField+CellWrappedView.swift */ = {isa = PBXFileReference; fileEncoding = 4; lastKnownFileType = sourcecode.swift; path = "UITextField+CellWrappedView.swift"; sourceTree = "<group>"; };
		C763F4A22ACC7A9C003DE51B /* UIDatePicker+CellWrappedView.swift */ = {isa = PBXFileReference; fileEncoding = 4; lastKnownFileType = sourcecode.swift; path = "UIDatePicker+CellWrappedView.swift"; sourceTree = "<group>"; };
		C763F4A32ACC7A9C003DE51B /* UIImageView+CellWrappedView.swift */ = {isa = PBXFileReference; fileEncoding = 4; lastKnownFileType = sourcecode.swift; path = "UIImageView+CellWrappedView.swift"; sourceTree = "<group>"; };
		C763F4A42ACC7A9C003DE51B /* UISegmentedControl+CellWrappedView.swift */ = {isa = PBXFileReference; fileEncoding = 4; lastKnownFileType = sourcecode.swift; path = "UISegmentedControl+CellWrappedView.swift"; sourceTree = "<group>"; };
		C763F4B12ACC7F08003DE51B /* TextContent.swift */ = {isa = PBXFileReference; lastKnownFileType = sourcecode.swift; path = TextContent.swift; sourceTree = "<group>"; };
		C763F4BB2ACC86EE003DE51B /* CGRect+Extensions.swift */ = {isa = PBXFileReference; lastKnownFileType = sourcecode.swift; path = "CGRect+Extensions.swift"; sourceTree = "<group>"; };
		C763F4BD2ACC87A7003DE51B /* NSAttributedString+TextContent.swift */ = {isa = PBXFileReference; lastKnownFileType = sourcecode.swift; path = "NSAttributedString+TextContent.swift"; sourceTree = "<group>"; };
		C763F4C02ACC8851003DE51B /* UILabel+TextContent.swift */ = {isa = PBXFileReference; lastKnownFileType = sourcecode.swift; path = "UILabel+TextContent.swift"; sourceTree = "<group>"; };
		C763F4C22ACC8901003DE51B /* UIView+RoundCorners.swift */ = {isa = PBXFileReference; lastKnownFileType = sourcecode.swift; path = "UIView+RoundCorners.swift"; sourceTree = "<group>"; };
		C763F4C52ACC8DA9003DE51B /* Button.swift */ = {isa = PBXFileReference; lastKnownFileType = sourcecode.swift; path = Button.swift; sourceTree = "<group>"; };
		C763F4CB2ACC93EB003DE51B /* WrapperCell_UnitTests.xctest */ = {isa = PBXFileReference; explicitFileType = wrapper.cfbundle; includeInIndex = 0; path = WrapperCell_UnitTests.xctest; sourceTree = BUILT_PRODUCTS_DIR; };
		EEF39481927189DC7C4452A3 /* Pods_WrapperCell_UITests.framework */ = {isa = PBXFileReference; explicitFileType = wrapper.framework; includeInIndex = 0; path = Pods_WrapperCell_UITests.framework; sourceTree = BUILT_PRODUCTS_DIR; };
/* End PBXFileReference section */

/* Begin PBXFrameworksBuildPhase section */
		607FACCD1AFB9204008FA782 /* Frameworks */ = {
			isa = PBXFrameworksBuildPhase;
			buildActionMask = 2147483647;
			files = (
				DDD935D8F4E74482F0E98EA6 /* Pods_WrapperCell_Example.framework in Frameworks */,
			);
			runOnlyForDeploymentPostprocessing = 0;
		};
		C763F4C82ACC93EB003DE51B /* Frameworks */ = {
			isa = PBXFrameworksBuildPhase;
			buildActionMask = 2147483647;
			files = (
			);
			runOnlyForDeploymentPostprocessing = 0;
		};
/* End PBXFrameworksBuildPhase section */

/* Begin PBXGroup section */
		5A2A8B411D86D214ACECC1E1 /* Frameworks */ = {
			isa = PBXGroup;
			children = (
				AA9E40B56599A00766893715 /* Pods_WrapperCell_Example.framework */,
				07266A9430B925974B97739D /* Pods_WrapperCell_Tests.framework */,
				EEF39481927189DC7C4452A3 /* Pods_WrapperCell_UITests.framework */,
			);
			name = Frameworks;
			sourceTree = "<group>";
		};
		607FACC71AFB9204008FA782 = {
			isa = PBXGroup;
			children = (
				607FACF51AFB993E008FA782 /* Podspec Metadata */,
				607FACD21AFB9204008FA782 /* Example for WrapperCell */,
				607FACD11AFB9204008FA782 /* Products */,
				AA5B827970DBB8F3BCD95BAB /* Pods */,
				5A2A8B411D86D214ACECC1E1 /* Frameworks */,
			);
			sourceTree = "<group>";
		};
		607FACD11AFB9204008FA782 /* Products */ = {
			isa = PBXGroup;
			children = (
				607FACD01AFB9204008FA782 /* WrapperCell_Example.app */,
				C763F4CB2ACC93EB003DE51B /* WrapperCell_UnitTests.xctest */,
			);
			name = Products;
			sourceTree = "<group>";
		};
		607FACD21AFB9204008FA782 /* Example for WrapperCell */ = {
			isa = PBXGroup;
			children = (
				607FACD51AFB9204008FA782 /* AppDelegate.swift */,
				C763F4C42ACC8DA4003DE51B /* Views */,
				C763F4BA2ACC86E5003DE51B /* Utils */,
				C763F49D2ACC7A9C003DE51B /* CellWrappedViews */,
				607FACD71AFB9204008FA782 /* ViewController.swift */,
				607FACD91AFB9204008FA782 /* Main.storyboard */,
				607FACDC1AFB9204008FA782 /* Images.xcassets */,
				607FACDE1AFB9204008FA782 /* LaunchScreen.xib */,
				607FACD31AFB9204008FA782 /* Supporting Files */,
			);
			name = "Example for WrapperCell";
			path = WrapperCell;
			sourceTree = "<group>";
		};
		607FACD31AFB9204008FA782 /* Supporting Files */ = {
			isa = PBXGroup;
			children = (
				607FACD41AFB9204008FA782 /* Info.plist */,
			);
			name = "Supporting Files";
			sourceTree = "<group>";
		};
		607FACF51AFB993E008FA782 /* Podspec Metadata */ = {
			isa = PBXGroup;
			children = (
				B2FE4E167CB38F49A98B309B /* WrapperCell.podspec */,
				7CAD19EF4F9B378DBE645B46 /* README.md */,
				BC033C02C50CBC5EE1D5838D /* LICENSE */,
			);
			name = "Podspec Metadata";
			sourceTree = "<group>";
		};
		AA5B827970DBB8F3BCD95BAB /* Pods */ = {
			isa = PBXGroup;
			children = (
				53B1B7F0AD2BB1E97586EEC8 /* Pods-WrapperCell_Example.debug.xcconfig */,
				6D4536ED434AFA01300DEE1B /* Pods-WrapperCell_Example.release.xcconfig */,
				93A1C0D92C28741E4B2ACAED /* Pods-WrapperCell_Tests.debug.xcconfig */,
				7D495F1BE4373973B5E329F6 /* Pods-WrapperCell_Tests.release.xcconfig */,
				260598808D82D9EECEA39E25 /* Pods-WrapperCell_UITests.debug.xcconfig */,
				60A625CCC89B9975FC1F4684 /* Pods-WrapperCell_UITests.release.xcconfig */,
			);
			path = Pods;
			sourceTree = "<group>";
		};
		C763F49D2ACC7A9C003DE51B /* CellWrappedViews */ = {
			isa = PBXGroup;
			children = (
				C763F49E2ACC7A9C003DE51B /* Button+CellWrappedView.swift */,
				C763F49F2ACC7A9C003DE51B /* UILabel+CellWrappedView.swift */,
				C763F4A02ACC7A9C003DE51B /* UITextField+CellWrappedView.swift */,
				C763F4A22ACC7A9C003DE51B /* UIDatePicker+CellWrappedView.swift */,
				C763F4A32ACC7A9C003DE51B /* UIImageView+CellWrappedView.swift */,
				C763F4A42ACC7A9C003DE51B /* UISegmentedControl+CellWrappedView.swift */,
			);
			path = CellWrappedViews;
			sourceTree = "<group>";
		};
		C763F4BA2ACC86E5003DE51B /* Utils */ = {
			isa = PBXGroup;
			children = (
				C763F4B12ACC7F08003DE51B /* TextContent.swift */,
				C763F4BB2ACC86EE003DE51B /* CGRect+Extensions.swift */,
				C763F4BD2ACC87A7003DE51B /* NSAttributedString+TextContent.swift */,
				C763F4C02ACC8851003DE51B /* UILabel+TextContent.swift */,
				C763F4C22ACC8901003DE51B /* UIView+RoundCorners.swift */,
			);
			path = Utils;
			sourceTree = "<group>";
		};
		C763F4C42ACC8DA4003DE51B /* Views */ = {
			isa = PBXGroup;
			children = (
				C763F4C52ACC8DA9003DE51B /* Button.swift */,
			);
			path = Views;
			sourceTree = "<group>";
		};
/* End PBXGroup section */

/* Begin PBXNativeTarget section */
		607FACCF1AFB9204008FA782 /* WrapperCell_Example */ = {
			isa = PBXNativeTarget;
			buildConfigurationList = 607FACEF1AFB9204008FA782 /* Build configuration list for PBXNativeTarget "WrapperCell_Example" */;
			buildPhases = (
				5C147E1C9BE097AA5268F7BF /* [CP] Check Pods Manifest.lock */,
				607FACCC1AFB9204008FA782 /* Sources */,
				607FACCD1AFB9204008FA782 /* Frameworks */,
				607FACCE1AFB9204008FA782 /* Resources */,
				6866CD3B052220989FB42463 /* [CP] Embed Pods Frameworks */,
			);
			buildRules = (
			);
			dependencies = (
			);
			name = WrapperCell_Example;
			productName = WrapperCell;
			productReference = 607FACD01AFB9204008FA782 /* WrapperCell_Example.app */;
			productType = "com.apple.product-type.application";
		};
		C763F4CA2ACC93EB003DE51B /* WrapperCell_UnitTests */ = {
			isa = PBXNativeTarget;
			buildConfigurationList = C763F4D32ACC93EB003DE51B /* Build configuration list for PBXNativeTarget "WrapperCell_UnitTests" */;
			buildPhases = (
				C763F4C72ACC93EB003DE51B /* Sources */,
				C763F4C82ACC93EB003DE51B /* Frameworks */,
				C763F4C92ACC93EB003DE51B /* Resources */,
			);
			buildRules = (
			);
			dependencies = (
				C763F4D02ACC93EB003DE51B /* PBXTargetDependency */,
			);
			name = WrapperCell_UnitTests;
			productName = WrapperCell_UnitTests;
			productReference = C763F4CB2ACC93EB003DE51B /* WrapperCell_UnitTests.xctest */;
			productType = "com.apple.product-type.bundle.unit-test";
		};
/* End PBXNativeTarget section */

/* Begin PBXProject section */
		607FACC81AFB9204008FA782 /* Project object */ = {
			isa = PBXProject;
			attributes = {
				LastSwiftUpdateCheck = 1420;
				LastUpgradeCheck = 0830;
				ORGANIZATIONNAME = CocoaPods;
				TargetAttributes = {
					607FACCF1AFB9204008FA782 = {
						CreatedOnToolsVersion = 6.3.1;
						LastSwiftMigration = 0900;
					};
					C763F4CA2ACC93EB003DE51B = {
						CreatedOnToolsVersion = 14.2;
						DevelopmentTeam = 28UK8T3ZJB;
						ProvisioningStyle = Automatic;
						TestTargetID = 607FACCF1AFB9204008FA782;
					};
				};
			};
			buildConfigurationList = 607FACCB1AFB9204008FA782 /* Build configuration list for PBXProject "WrapperCell" */;
			compatibilityVersion = "Xcode 3.2";
			developmentRegion = English;
			hasScannedForEncodings = 0;
			knownRegions = (
				English,
				en,
				Base,
			);
			mainGroup = 607FACC71AFB9204008FA782;
			productRefGroup = 607FACD11AFB9204008FA782 /* Products */;
			projectDirPath = "";
			projectRoot = "";
			targets = (
				607FACCF1AFB9204008FA782 /* WrapperCell_Example */,
				C763F4CA2ACC93EB003DE51B /* WrapperCell_UnitTests */,
			);
		};
/* End PBXProject section */

/* Begin PBXResourcesBuildPhase section */
		607FACCE1AFB9204008FA782 /* Resources */ = {
			isa = PBXResourcesBuildPhase;
			buildActionMask = 2147483647;
			files = (
				607FACDB1AFB9204008FA782 /* Main.storyboard in Resources */,
				607FACE01AFB9204008FA782 /* LaunchScreen.xib in Resources */,
				607FACDD1AFB9204008FA782 /* Images.xcassets in Resources */,
			);
			runOnlyForDeploymentPostprocessing = 0;
		};
		C763F4C92ACC93EB003DE51B /* Resources */ = {
			isa = PBXResourcesBuildPhase;
			buildActionMask = 2147483647;
			files = (
			);
			runOnlyForDeploymentPostprocessing = 0;
		};
/* End PBXResourcesBuildPhase section */

/* Begin PBXShellScriptBuildPhase section */
		5C147E1C9BE097AA5268F7BF /* [CP] Check Pods Manifest.lock */ = {
			isa = PBXShellScriptBuildPhase;
			buildActionMask = 2147483647;
			files = (
			);
			inputFileListPaths = (
			);
			inputPaths = (
				"${PODS_PODFILE_DIR_PATH}/Podfile.lock",
				"${PODS_ROOT}/Manifest.lock",
			);
			name = "[CP] Check Pods Manifest.lock";
			outputFileListPaths = (
			);
			outputPaths = (
				"$(DERIVED_FILE_DIR)/Pods-WrapperCell_Example-checkManifestLockResult.txt",
			);
			runOnlyForDeploymentPostprocessing = 0;
			shellPath = /bin/sh;
			shellScript = "diff \"${PODS_PODFILE_DIR_PATH}/Podfile.lock\" \"${PODS_ROOT}/Manifest.lock\" > /dev/null\nif [ $? != 0 ] ; then\n    # print error to STDERR\n    echo \"error: The sandbox is not in sync with the Podfile.lock. Run 'pod install' or update your CocoaPods installation.\" >&2\n    exit 1\nfi\n# This output is used by Xcode 'outputs' to avoid re-running this script phase.\necho \"SUCCESS\" > \"${SCRIPT_OUTPUT_FILE_0}\"\n";
			showEnvVarsInLog = 0;
		};
		6866CD3B052220989FB42463 /* [CP] Embed Pods Frameworks */ = {
			isa = PBXShellScriptBuildPhase;
			buildActionMask = 2147483647;
			files = (
			);
			inputPaths = (
				"${PODS_ROOT}/Target Support Files/Pods-WrapperCell_Example/Pods-WrapperCell_Example-frameworks.sh",
				"${BUILT_PRODUCTS_DIR}/Swild/Swild.framework",
				"${BUILT_PRODUCTS_DIR}/WrapperCell/WrapperCell.framework",
			);
			name = "[CP] Embed Pods Frameworks";
			outputPaths = (
				"${TARGET_BUILD_DIR}/${FRAMEWORKS_FOLDER_PATH}/Swild.framework",
				"${TARGET_BUILD_DIR}/${FRAMEWORKS_FOLDER_PATH}/WrapperCell.framework",
			);
			runOnlyForDeploymentPostprocessing = 0;
			shellPath = /bin/sh;
			shellScript = "\"${PODS_ROOT}/Target Support Files/Pods-WrapperCell_Example/Pods-WrapperCell_Example-frameworks.sh\"\n";
			showEnvVarsInLog = 0;
		};
/* End PBXShellScriptBuildPhase section */

/* Begin PBXSourcesBuildPhase section */
		607FACCC1AFB9204008FA782 /* Sources */ = {
			isa = PBXSourcesBuildPhase;
			buildActionMask = 2147483647;
			files = (
				C763F4B22ACC7F08003DE51B /* TextContent.swift in Sources */,
				C763F4AA2ACC7A9C003DE51B /* UIImageView+CellWrappedView.swift in Sources */,
				607FACD81AFB9204008FA782 /* ViewController.swift in Sources */,
				C763F4A72ACC7A9C003DE51B /* UITextField+CellWrappedView.swift in Sources */,
				607FACD61AFB9204008FA782 /* AppDelegate.swift in Sources */,
				C763F4C12ACC8851003DE51B /* UILabel+TextContent.swift in Sources */,
				C763F4A62ACC7A9C003DE51B /* UILabel+CellWrappedView.swift in Sources */,
				C763F4C62ACC8DA9003DE51B /* Button.swift in Sources */,
				C763F4BC2ACC86EE003DE51B /* CGRect+Extensions.swift in Sources */,
				C763F4A92ACC7A9C003DE51B /* UIDatePicker+CellWrappedView.swift in Sources */,
				C763F4C32ACC8901003DE51B /* UIView+RoundCorners.swift in Sources */,
				C763F4AB2ACC7A9C003DE51B /* UISegmentedControl+CellWrappedView.swift in Sources */,
				C763F4A52ACC7A9C003DE51B /* Button+CellWrappedView.swift in Sources */,
				C763F4BE2ACC87A7003DE51B /* NSAttributedString+TextContent.swift in Sources */,
			);
			runOnlyForDeploymentPostprocessing = 0;
		};
		C763F4C72ACC93EB003DE51B /* Sources */ = {
			isa = PBXSourcesBuildPhase;
			buildActionMask = 2147483647;
			files = (
			);
			runOnlyForDeploymentPostprocessing = 0;
		};
/* End PBXSourcesBuildPhase section */

/* Begin PBXTargetDependency section */
		C763F4D02ACC93EB003DE51B /* PBXTargetDependency */ = {
			isa = PBXTargetDependency;
			target = 607FACCF1AFB9204008FA782 /* WrapperCell_Example */;
			targetProxy = C763F4CF2ACC93EB003DE51B /* PBXContainerItemProxy */;
		};
/* End PBXTargetDependency section */

/* Begin PBXVariantGroup section */
		607FACD91AFB9204008FA782 /* Main.storyboard */ = {
			isa = PBXVariantGroup;
			children = (
				607FACDA1AFB9204008FA782 /* Base */,
			);
			name = Main.storyboard;
			sourceTree = "<group>";
		};
		607FACDE1AFB9204008FA782 /* LaunchScreen.xib */ = {
			isa = PBXVariantGroup;
			children = (
				607FACDF1AFB9204008FA782 /* Base */,
			);
			name = LaunchScreen.xib;
			sourceTree = "<group>";
		};
/* End PBXVariantGroup section */

/* Begin XCBuildConfiguration section */
		607FACED1AFB9204008FA782 /* Debug */ = {
			isa = XCBuildConfiguration;
			buildSettings = {
				ALWAYS_SEARCH_USER_PATHS = NO;
				CLANG_CXX_LANGUAGE_STANDARD = "gnu++0x";
				CLANG_CXX_LIBRARY = "libc++";
				CLANG_ENABLE_MODULES = YES;
				CLANG_ENABLE_OBJC_ARC = YES;
				CLANG_WARN_BLOCK_CAPTURE_AUTORELEASING = YES;
				CLANG_WARN_BOOL_CONVERSION = YES;
				CLANG_WARN_COMMA = YES;
				CLANG_WARN_CONSTANT_CONVERSION = YES;
				CLANG_WARN_DIRECT_OBJC_ISA_USAGE = YES_ERROR;
				CLANG_WARN_EMPTY_BODY = YES;
				CLANG_WARN_ENUM_CONVERSION = YES;
				CLANG_WARN_INFINITE_RECURSION = YES;
				CLANG_WARN_INT_CONVERSION = YES;
				CLANG_WARN_NON_LITERAL_NULL_CONVERSION = YES;
				CLANG_WARN_OBJC_LITERAL_CONVERSION = YES;
				CLANG_WARN_OBJC_ROOT_CLASS = YES_ERROR;
				CLANG_WARN_RANGE_LOOP_ANALYSIS = YES;
				CLANG_WARN_STRICT_PROTOTYPES = YES;
				CLANG_WARN_SUSPICIOUS_MOVE = YES;
				CLANG_WARN_UNREACHABLE_CODE = YES;
				CLANG_WARN__DUPLICATE_METHOD_MATCH = YES;
				"CODE_SIGN_IDENTITY[sdk=iphoneos*]" = "iPhone Developer";
				COPY_PHASE_STRIP = NO;
				DEBUG_INFORMATION_FORMAT = "dwarf-with-dsym";
				ENABLE_STRICT_OBJC_MSGSEND = YES;
				ENABLE_TESTABILITY = YES;
				GCC_C_LANGUAGE_STANDARD = gnu99;
				GCC_DYNAMIC_NO_PIC = NO;
				GCC_NO_COMMON_BLOCKS = YES;
				GCC_OPTIMIZATION_LEVEL = 0;
				GCC_PREPROCESSOR_DEFINITIONS = (
					"DEBUG=1",
					"$(inherited)",
				);
				GCC_SYMBOLS_PRIVATE_EXTERN = NO;
				GCC_WARN_64_TO_32_BIT_CONVERSION = YES;
				GCC_WARN_ABOUT_RETURN_TYPE = YES_ERROR;
				GCC_WARN_UNDECLARED_SELECTOR = YES;
				GCC_WARN_UNINITIALIZED_AUTOS = YES_AGGRESSIVE;
				GCC_WARN_UNUSED_FUNCTION = YES;
				GCC_WARN_UNUSED_VARIABLE = YES;
				IPHONEOS_DEPLOYMENT_TARGET = 9.3;
				MTL_ENABLE_DEBUG_INFO = YES;
				ONLY_ACTIVE_ARCH = YES;
				SDKROOT = iphoneos;
				SWIFT_OPTIMIZATION_LEVEL = "-Onone";
			};
			name = Debug;
		};
		607FACEE1AFB9204008FA782 /* Release */ = {
			isa = XCBuildConfiguration;
			buildSettings = {
				ALWAYS_SEARCH_USER_PATHS = NO;
				CLANG_CXX_LANGUAGE_STANDARD = "gnu++0x";
				CLANG_CXX_LIBRARY = "libc++";
				CLANG_ENABLE_MODULES = YES;
				CLANG_ENABLE_OBJC_ARC = YES;
				CLANG_WARN_BLOCK_CAPTURE_AUTORELEASING = YES;
				CLANG_WARN_BOOL_CONVERSION = YES;
				CLANG_WARN_COMMA = YES;
				CLANG_WARN_CONSTANT_CONVERSION = YES;
				CLANG_WARN_DIRECT_OBJC_ISA_USAGE = YES_ERROR;
				CLANG_WARN_EMPTY_BODY = YES;
				CLANG_WARN_ENUM_CONVERSION = YES;
				CLANG_WARN_INFINITE_RECURSION = YES;
				CLANG_WARN_INT_CONVERSION = YES;
				CLANG_WARN_NON_LITERAL_NULL_CONVERSION = YES;
				CLANG_WARN_OBJC_LITERAL_CONVERSION = YES;
				CLANG_WARN_OBJC_ROOT_CLASS = YES_ERROR;
				CLANG_WARN_RANGE_LOOP_ANALYSIS = YES;
				CLANG_WARN_STRICT_PROTOTYPES = YES;
				CLANG_WARN_SUSPICIOUS_MOVE = YES;
				CLANG_WARN_UNREACHABLE_CODE = YES;
				CLANG_WARN__DUPLICATE_METHOD_MATCH = YES;
				"CODE_SIGN_IDENTITY[sdk=iphoneos*]" = "iPhone Developer";
				COPY_PHASE_STRIP = NO;
				DEBUG_INFORMATION_FORMAT = "dwarf-with-dsym";
				ENABLE_NS_ASSERTIONS = NO;
				ENABLE_STRICT_OBJC_MSGSEND = YES;
				GCC_C_LANGUAGE_STANDARD = gnu99;
				GCC_NO_COMMON_BLOCKS = YES;
				GCC_WARN_64_TO_32_BIT_CONVERSION = YES;
				GCC_WARN_ABOUT_RETURN_TYPE = YES_ERROR;
				GCC_WARN_UNDECLARED_SELECTOR = YES;
				GCC_WARN_UNINITIALIZED_AUTOS = YES_AGGRESSIVE;
				GCC_WARN_UNUSED_FUNCTION = YES;
				GCC_WARN_UNUSED_VARIABLE = YES;
				IPHONEOS_DEPLOYMENT_TARGET = 9.3;
				MTL_ENABLE_DEBUG_INFO = NO;
				SDKROOT = iphoneos;
				SWIFT_OPTIMIZATION_LEVEL = "-Owholemodule";
				VALIDATE_PRODUCT = YES;
			};
			name = Release;
		};
		607FACF01AFB9204008FA782 /* Debug */ = {
			isa = XCBuildConfiguration;
			baseConfigurationReference = 53B1B7F0AD2BB1E97586EEC8 /* Pods-WrapperCell_Example.debug.xcconfig */;
			buildSettings = {
				ASSETCATALOG_COMPILER_APPICON_NAME = AppIcon;
				INFOPLIST_FILE = WrapperCell/Info.plist;
				IPHONEOS_DEPLOYMENT_TARGET = 13.0;
				LD_RUNPATH_SEARCH_PATHS = "$(inherited) @executable_path/Frameworks";
				MODULE_NAME = ExampleApp;
				PRODUCT_BUNDLE_IDENTIFIER = "org.cocoapods.demo.$(PRODUCT_NAME:rfc1034identifier)";
				PRODUCT_NAME = "$(TARGET_NAME)";
				SWIFT_SWIFT3_OBJC_INFERENCE = Default;
				SWIFT_VERSION = 5.0;
			};
			name = Debug;
		};
		607FACF11AFB9204008FA782 /* Release */ = {
			isa = XCBuildConfiguration;
			baseConfigurationReference = 6D4536ED434AFA01300DEE1B /* Pods-WrapperCell_Example.release.xcconfig */;
			buildSettings = {
				ASSETCATALOG_COMPILER_APPICON_NAME = AppIcon;
				INFOPLIST_FILE = WrapperCell/Info.plist;
				IPHONEOS_DEPLOYMENT_TARGET = 13.0;
				LD_RUNPATH_SEARCH_PATHS = "$(inherited) @executable_path/Frameworks";
				MODULE_NAME = ExampleApp;
				PRODUCT_BUNDLE_IDENTIFIER = "org.cocoapods.demo.$(PRODUCT_NAME:rfc1034identifier)";
				PRODUCT_NAME = "$(TARGET_NAME)";
				SWIFT_SWIFT3_OBJC_INFERENCE = Default;
				SWIFT_VERSION = 5.0;
			};
			name = Release;
		};
		C763F4D12ACC93EB003DE51B /* Debug */ = {
			isa = XCBuildConfiguration;
			buildSettings = {
				BUNDLE_LOADER = "$(TEST_HOST)";
				CLANG_ANALYZER_NONNULL = YES;
				CLANG_ANALYZER_NUMBER_OBJECT_CONVERSION = YES_AGGRESSIVE;
				CLANG_CXX_LANGUAGE_STANDARD = "gnu++20";
				CLANG_ENABLE_OBJC_WEAK = YES;
				CLANG_WARN_DEPRECATED_OBJC_IMPLEMENTATIONS = YES;
				CLANG_WARN_DOCUMENTATION_COMMENTS = YES;
				CLANG_WARN_OBJC_IMPLICIT_RETAIN_SELF = YES;
				CLANG_WARN_QUOTED_INCLUDE_IN_FRAMEWORK_HEADER = YES;
				CLANG_WARN_UNGUARDED_AVAILABILITY = YES_AGGRESSIVE;
				CODE_SIGN_STYLE = Automatic;
				CURRENT_PROJECT_VERSION = 1;
				DEBUG_INFORMATION_FORMAT = dwarf;
				DEVELOPMENT_TEAM = 28UK8T3ZJB;
				GCC_C_LANGUAGE_STANDARD = gnu11;
				GENERATE_INFOPLIST_FILE = YES;
				IPHONEOS_DEPLOYMENT_TARGET = 13.0;
				MARKETING_VERSION = 1.0;
				MTL_ENABLE_DEBUG_INFO = INCLUDE_SOURCE;
				MTL_FAST_MATH = YES;
				PRODUCT_BUNDLE_IDENTIFIER = "com.kenalizadeh.WrapperCell-UnitTests";
				PRODUCT_NAME = "$(TARGET_NAME)";
				SWIFT_ACTIVE_COMPILATION_CONDITIONS = DEBUG;
				SWIFT_EMIT_LOC_STRINGS = NO;
				SWIFT_VERSION = 5.0;
				TARGETED_DEVICE_FAMILY = "1,2";
				TEST_HOST = "$(BUILT_PRODUCTS_DIR)/WrapperCell_Example.app/$(BUNDLE_EXECUTABLE_FOLDER_PATH)/WrapperCell_Example";
			};
			name = Debug;
		};
		C763F4D22ACC93EB003DE51B /* Release */ = {
			isa = XCBuildConfiguration;
			buildSettings = {
				BUNDLE_LOADER = "$(TEST_HOST)";
				CLANG_ANALYZER_NONNULL = YES;
				CLANG_ANALYZER_NUMBER_OBJECT_CONVERSION = YES_AGGRESSIVE;
				CLANG_CXX_LANGUAGE_STANDARD = "gnu++20";
				CLANG_ENABLE_OBJC_WEAK = YES;
				CLANG_WARN_DEPRECATED_OBJC_IMPLEMENTATIONS = YES;
				CLANG_WARN_DOCUMENTATION_COMMENTS = YES;
				CLANG_WARN_OBJC_IMPLICIT_RETAIN_SELF = YES;
				CLANG_WARN_QUOTED_INCLUDE_IN_FRAMEWORK_HEADER = YES;
				CLANG_WARN_UNGUARDED_AVAILABILITY = YES_AGGRESSIVE;
				CODE_SIGN_STYLE = Automatic;
				CURRENT_PROJECT_VERSION = 1;
				DEVELOPMENT_TEAM = 28UK8T3ZJB;
				GCC_C_LANGUAGE_STANDARD = gnu11;
				GENERATE_INFOPLIST_FILE = YES;
				IPHONEOS_DEPLOYMENT_TARGET = 13.0;
				MARKETING_VERSION = 1.0;
				MTL_FAST_MATH = YES;
				PRODUCT_BUNDLE_IDENTIFIER = "com.kenalizadeh.WrapperCell-UnitTests";
				PRODUCT_NAME = "$(TARGET_NAME)";
				SWIFT_EMIT_LOC_STRINGS = NO;
				SWIFT_VERSION = 5.0;
				TARGETED_DEVICE_FAMILY = "1,2";
				TEST_HOST = "$(BUILT_PRODUCTS_DIR)/WrapperCell_Example.app/$(BUNDLE_EXECUTABLE_FOLDER_PATH)/WrapperCell_Example";
			};
			name = Release;
		};
/* End XCBuildConfiguration section */

/* Begin XCConfigurationList section */
		607FACCB1AFB9204008FA782 /* Build configuration list for PBXProject "WrapperCell" */ = {
			isa = XCConfigurationList;
			buildConfigurations = (
				607FACED1AFB9204008FA782 /* Debug */,
				607FACEE1AFB9204008FA782 /* Release */,
			);
			defaultConfigurationIsVisible = 0;
			defaultConfigurationName = Release;
		};
		607FACEF1AFB9204008FA782 /* Build configuration list for PBXNativeTarget "WrapperCell_Example" */ = {
			isa = XCConfigurationList;
			buildConfigurations = (
				607FACF01AFB9204008FA782 /* Debug */,
				607FACF11AFB9204008FA782 /* Release */,
			);
			defaultConfigurationIsVisible = 0;
			defaultConfigurationName = Release;
		};
		C763F4D32ACC93EB003DE51B /* Build configuration list for PBXNativeTarget "WrapperCell_UnitTests" */ = {
			isa = XCConfigurationList;
			buildConfigurations = (
				C763F4D12ACC93EB003DE51B /* Debug */,
				C763F4D22ACC93EB003DE51B /* Release */,
			);
			defaultConfigurationIsVisible = 0;
			defaultConfigurationName = Release;
		};
/* End XCConfigurationList section */
	};
	rootObject = 607FACC81AFB9204008FA782 /* Project object */;
}
