PODS:
  - Swild (0.0.1)
  - WrapperCell (0.0.1)

DEPENDENCIES:
  - Swild
  - WrapperCell (from `../`)

SPEC REPOS:
  trunk:
    - Swild

EXTERNAL SOURCES:
  WrapperCell:
    :path: "../"

SPEC CHECKSUMS:
  Swild: fd03d086052786ba7402141b53db69e94d078e3e
  WrapperCell: a8dd66c2b79ce0883774d7cf2685bac637ae1461

PODFILE CHECKSUM: b56537c0f1a421369584d862855417b05b6b6558

COCOAPODS: 1.15.0
